
Microsoft Visual Studio Solution File, Format Version 12.00
# Visual Studio Version 17
VisualStudioVersion = 17.14.36518.9 d17.14
MinimumVisualStudioVersion = 10.0.40219.1
Project("{FAE04EC0-301F-11D3-BF4B-00C04F79EFBC}") = "WindowsFormsApp1", "WindowsFormsApp1\WindowsFormsApp1.csproj", "{49915D8E-A5D2-425B-8837-57D35D7D4F9B}"
EndProject
Global
	GlobalSection(SolutionConfigurationPlatforms) = preSolution
		Debug|Any CPU = Debug|Any CPU
		Release|Any CPU = Release|Any CPU
	EndGlobalSection
	GlobalSection(ProjectConfigurationPlatforms) = postSolution
		{49915D8E-A5D2-425B-8837-57D35D7D4F9B}.Debug|Any CPU.ActiveCfg = Debug|Any CPU
		{49915D8E-A5D2-425B-8837-57D35D7D4F9B}.Debug|Any CPU.Build.0 = Debug|Any CPU
		{49915D8E-A5D2-425B-8837-57D35D7D4F9B}.Release|Any CPU.ActiveCfg = Release|Any CPU
		{49915D8E-A5D2-425B-8837-57D35D7D4F9B}.Release|Any CPU.Build.0 = Release|Any CPU
	EndGlobalSection
	GlobalSection(SolutionProperties) = preSolution
		HideSolutionNode = FALSE
	EndGlobalSection
	GlobalSection(ExtensibilityGlobals) = postSolution
		SolutionGuid = {8B896AA2-6BE2-4CC7-AF8F-5211CDAE22BC}
	EndGlobalSection
EndGlobal
